
Microsoft Visual Studio Solution File, Format Version 12.00
# Visual Studio Version 16
VisualStudioVersion = 16.0.31410.357
MinimumVisualStudioVersion = 10.0.40219.1
Project("{FAE04EC0-301F-11D3-BF4B-00C04F79EFBC}") = "DOMINGOROOFWORKSCLDV6211", "DOMINGOROOFWORKSCLDV6211.csproj", "{913EEDE8-6A19-421B-A7F4-042F4542FCC7}"
EndProject
Global
	GlobalSection(SolutionConfigurationPlatforms) = preSolution
		Debug|Any CPU = Debug|Any CPU
		Release|Any CPU = Release|Any CPU
	EndGlobalSection
	GlobalSection(ProjectConfigurationPlatforms) = postSolution
		{913EEDE8-6A19-421B-A7F4-042F4542FCC7}.Debug|Any CPU.ActiveCfg = Debug|Any CPU
		{913EEDE8-6A19-421B-A7F4-042F4542FCC7}.Debug|Any CPU.Build.0 = Debug|Any CPU
		{913EEDE8-6A19-421B-A7F4-042F4542FCC7}.Release|Any CPU.ActiveCfg = Release|Any CPU
		{913EEDE8-6A19-421B-A7F4-042F4542FCC7}.Release|Any CPU.Build.0 = Release|Any CPU
	EndGlobalSection
	GlobalSection(SolutionProperties) = preSolution
		HideSolutionNode = FALSE
	EndGlobalSection
	GlobalSection(ExtensibilityGlobals) = postSolution
		SolutionGuid = {F9EB6463-DCAE-4A67-BC4A-8043A04A8403}
	EndGlobalSection
EndGlobal
